
Microsoft Visual Studio Solution File, Format Version 12.00
# Visual Studio Version 17
VisualStudioVersion = 17.8.34525.116
MinimumVisualStudioVersion = 10.0.40219.1
Project("{9A19103F-16F7-4668-BE54-9A1E7A4F7556}") = "Variables", "Variables\Variables.csproj", "{8D7C90E9-D253-4E6F-9140-4A5E939F9FB0}"
EndProject
Project("{9A19103F-16F7-4668-BE54-9A1E7A4F7556}") = "Intercambio", "Intercambio\Intercambio.csproj", "{6AB4C6FE-DCE5-4D6E-8305-25F3CA647004}"
EndProject
Project("{9A19103F-16F7-4668-BE54-9A1E7A4F7556}") = "Bucle", "Bucle\Bucle.csproj", "{04E7BC69-B3C8-4D62-91B5-6313BC8184E8}"
EndProject
Project("{FAE04EC0-301F-11D3-BF4B-00C04F79EFBC}") = "for", "for\for.csproj", "{AEC49BF1-B341-4811-A9D3-97F663AB5495}"
EndProject
Global
	GlobalSection(SolutionConfigurationPlatforms) = preSolution
		Debug|Any CPU = Debug|Any CPU
		Release|Any CPU = Release|Any CPU
	EndGlobalSection
	GlobalSection(ProjectConfigurationPlatforms) = postSolution
		{8D7C90E9-D253-4E6F-9140-4A5E939F9FB0}.Debug|Any CPU.ActiveCfg = Debug|Any CPU
		{8D7C90E9-D253-4E6F-9140-4A5E939F9FB0}.Debug|Any CPU.Build.0 = Debug|Any CPU
		{8D7C90E9-D253-4E6F-9140-4A5E939F9FB0}.Release|Any CPU.ActiveCfg = Release|Any CPU
		{8D7C90E9-D253-4E6F-9140-4A5E939F9FB0}.Release|Any CPU.Build.0 = Release|Any CPU
		{6AB4C6FE-DCE5-4D6E-8305-25F3CA647004}.Debug|Any CPU.ActiveCfg = Debug|Any CPU
		{6AB4C6FE-DCE5-4D6E-8305-25F3CA647004}.Debug|Any CPU.Build.0 = Debug|Any CPU
		{6AB4C6FE-DCE5-4D6E-8305-25F3CA647004}.Release|Any CPU.ActiveCfg = Release|Any CPU
		{6AB4C6FE-DCE5-4D6E-8305-25F3CA647004}.Release|Any CPU.Build.0 = Release|Any CPU
		{04E7BC69-B3C8-4D62-91B5-6313BC8184E8}.Debug|Any CPU.ActiveCfg = Debug|Any CPU
		{04E7BC69-B3C8-4D62-91B5-6313BC8184E8}.Debug|Any CPU.Build.0 = Debug|Any CPU
		{04E7BC69-B3C8-4D62-91B5-6313BC8184E8}.Release|Any CPU.ActiveCfg = Release|Any CPU
		{04E7BC69-B3C8-4D62-91B5-6313BC8184E8}.Release|Any CPU.Build.0 = Release|Any CPU
		{AEC49BF1-B341-4811-A9D3-97F663AB5495}.Debug|Any CPU.ActiveCfg = Debug|Any CPU
		{AEC49BF1-B341-4811-A9D3-97F663AB5495}.Debug|Any CPU.Build.0 = Debug|Any CPU
		{AEC49BF1-B341-4811-A9D3-97F663AB5495}.Release|Any CPU.ActiveCfg = Release|Any CPU
		{AEC49BF1-B341-4811-A9D3-97F663AB5495}.Release|Any CPU.Build.0 = Release|Any CPU
	EndGlobalSection
	GlobalSection(SolutionProperties) = preSolution
		HideSolutionNode = FALSE
	EndGlobalSection
	GlobalSection(ExtensibilityGlobals) = postSolution
		SolutionGuid = {221BF0AF-4AF0-44F0-BFB7-58632D6FD937}
	EndGlobalSection
EndGlobal
